
Microsoft Visual Studio Solution File, Format Version 12.00
# Visual Studio 15
VisualStudioVersion = 15.0.27004.2009
MinimumVisualStudioVersion = 10.0.40219.1
Project("{9A19103F-16F7-4668-BE54-9A1E7A4F7556}") = "Trepub.Common", "src\Trepub.Common\Trepub.Common.csproj", "{B517D8FA-8EE4-4CF8-BD48-BF87359EC96D}"
EndProject
Project("{9A19103F-16F7-4668-BE54-9A1E7A4F7556}") = "Trepub.IFS", "src\Trepub.IFS\Trepub.IFS.csproj", "{70ADB353-82E2-40AD-9043-6BE00D9C8A55}"
EndProject
Project("{9A19103F-16F7-4668-BE54-9A1E7A4F7556}") = "Trepub.BSO", "src\Trepub.BSO\Trepub.BSO.csproj", "{E8F49E16-848B-4BB6-9FA7-A8A9F9A16E55}"
EndProject
Project("{9A19103F-16F7-4668-BE54-9A1E7A4F7556}") = "Trepub.Web.API", "src\Trepub.Web.API\Trepub.Web.API.csproj", "{A8CD65FA-7E08-4B3D-964D-1506910304A8}"
EndProject
Project("{9A19103F-16F7-4668-BE54-9A1E7A4F7556}") = "Trepub.Web.API.Test", "tests\Trepub.Web.API.Test\Trepub.Web.API.Test.csproj", "{97018341-C45D-4052-A66D-3286323F7322}"
EndProject
Global
	GlobalSection(SolutionConfigurationPlatforms) = preSolution
		Debug|Any CPU = Debug|Any CPU
		Release|Any CPU = Release|Any CPU
	EndGlobalSection
	GlobalSection(ProjectConfigurationPlatforms) = postSolution
		{B517D8FA-8EE4-4CF8-BD48-BF87359EC96D}.Debug|Any CPU.ActiveCfg = Debug|Any CPU
		{B517D8FA-8EE4-4CF8-BD48-BF87359EC96D}.Debug|Any CPU.Build.0 = Debug|Any CPU
		{B517D8FA-8EE4-4CF8-BD48-BF87359EC96D}.Release|Any CPU.ActiveCfg = Release|Any CPU
		{B517D8FA-8EE4-4CF8-BD48-BF87359EC96D}.Release|Any CPU.Build.0 = Release|Any CPU
		{70ADB353-82E2-40AD-9043-6BE00D9C8A55}.Debug|Any CPU.ActiveCfg = Debug|Any CPU
		{70ADB353-82E2-40AD-9043-6BE00D9C8A55}.Debug|Any CPU.Build.0 = Debug|Any CPU
		{70ADB353-82E2-40AD-9043-6BE00D9C8A55}.Release|Any CPU.ActiveCfg = Release|Any CPU
		{70ADB353-82E2-40AD-9043-6BE00D9C8A55}.Release|Any CPU.Build.0 = Release|Any CPU
		{E8F49E16-848B-4BB6-9FA7-A8A9F9A16E55}.Debug|Any CPU.ActiveCfg = Debug|Any CPU
		{E8F49E16-848B-4BB6-9FA7-A8A9F9A16E55}.Debug|Any CPU.Build.0 = Debug|Any CPU
		{E8F49E16-848B-4BB6-9FA7-A8A9F9A16E55}.Release|Any CPU.ActiveCfg = Release|Any CPU
		{E8F49E16-848B-4BB6-9FA7-A8A9F9A16E55}.Release|Any CPU.Build.0 = Release|Any CPU
		{A8CD65FA-7E08-4B3D-964D-1506910304A8}.Debug|Any CPU.ActiveCfg = Debug|Any CPU
		{A8CD65FA-7E08-4B3D-964D-1506910304A8}.Debug|Any CPU.Build.0 = Debug|Any CPU
		{A8CD65FA-7E08-4B3D-964D-1506910304A8}.Release|Any CPU.ActiveCfg = Release|Any CPU
		{A8CD65FA-7E08-4B3D-964D-1506910304A8}.Release|Any CPU.Build.0 = Release|Any CPU
		{97018341-C45D-4052-A66D-3286323F7322}.Debug|Any CPU.ActiveCfg = Debug|Any CPU
		{97018341-C45D-4052-A66D-3286323F7322}.Debug|Any CPU.Build.0 = Debug|Any CPU
		{97018341-C45D-4052-A66D-3286323F7322}.Release|Any CPU.ActiveCfg = Release|Any CPU
		{97018341-C45D-4052-A66D-3286323F7322}.Release|Any CPU.Build.0 = Release|Any CPU
	EndGlobalSection
	GlobalSection(SolutionProperties) = preSolution
		HideSolutionNode = FALSE
	EndGlobalSection
	GlobalSection(ExtensibilityGlobals) = postSolution
		SolutionGuid = {FECA86F7-78DA-4D19-8564-5F5D53784CBD}
	EndGlobalSection
EndGlobal
